
Microsoft Visual Studio Solution File, Format Version 12.00
# Visual Studio Version 17
VisualStudioVersion = 17.9.34728.123
MinimumVisualStudioVersion = 10.0.40219.1
Project("{FAE04EC0-301F-11D3-BF4B-00C04F79EFBC}") = "LX_HelloWorld", "LX_HelloWorld\LX_HelloWorld.csproj", "{54C918DB-2074-4946-9584-FD3059740D04}"
EndProject
Global
	GlobalSection(SolutionConfigurationPlatforms) = preSolution
		Debug|Any CPU = Debug|Any CPU
		Release|Any CPU = Release|Any CPU
	EndGlobalSection
	GlobalSection(ProjectConfigurationPlatforms) = postSolution
		{54C918DB-2074-4946-9584-FD3059740D04}.Debug|Any CPU.ActiveCfg = Debug|Any CPU
		{54C918DB-2074-4946-9584-FD3059740D04}.Debug|Any CPU.Build.0 = Debug|Any CPU
		{54C918DB-2074-4946-9584-FD3059740D04}.Release|Any CPU.ActiveCfg = Release|Any CPU
		{54C918DB-2074-4946-9584-FD3059740D04}.Release|Any CPU.Build.0 = Release|Any CPU
	EndGlobalSection
	GlobalSection(SolutionProperties) = preSolution
		HideSolutionNode = FALSE
	EndGlobalSection
	GlobalSection(ExtensibilityGlobals) = postSolution
		SolutionGuid = {0894BB55-DAAC-4A4A-BE03-313749DD712C}
	EndGlobalSection
EndGlobal
